
Microsoft Visual Studio Solution File, Format Version 12.00
# Visual Studio Version 16
VisualStudioVersion = 16.0.31410.357
MinimumVisualStudioVersion = 10.0.40219.1
Project("{FAE04EC0-301F-11D3-BF4B-00C04F79EFBC}") = "EventFlowDemo", "EventFlowDemo\EventFlowDemo.csproj", "{BCD31A5F-8D95-4A57-91D0-D0B3A845DAEC}"
EndProject
Global
	GlobalSection(SolutionConfigurationPlatforms) = preSolution
		Debug|Any CPU = Debug|Any CPU
		Release|Any CPU = Release|Any CPU
	EndGlobalSection
	GlobalSection(ProjectConfigurationPlatforms) = postSolution
		{BCD31A5F-8D95-4A57-91D0-D0B3A845DAEC}.Debug|Any CPU.ActiveCfg = Debug|Any CPU
		{BCD31A5F-8D95-4A57-91D0-D0B3A845DAEC}.Debug|Any CPU.Build.0 = Debug|Any CPU
		{BCD31A5F-8D95-4A57-91D0-D0B3A845DAEC}.Release|Any CPU.ActiveCfg = Release|Any CPU
		{BCD31A5F-8D95-4A57-91D0-D0B3A845DAEC}.Release|Any CPU.Build.0 = Release|Any CPU
	EndGlobalSection
	GlobalSection(SolutionProperties) = preSolution
		HideSolutionNode = FALSE
	EndGlobalSection
	GlobalSection(ExtensibilityGlobals) = postSolution
		SolutionGuid = {7C41C282-3672-4826-B87A-D4361796083A}
	EndGlobalSection
EndGlobal
